{
  "name": "knpl-tss-app-cds",
  "version": "1.0.0",
  "lockfileVersion": 3,
  "requires": true,
  "packages": {
    "": {
      "name": "knpl-tss-app-cds",
      "version": "1.0.0",
      "license": "ISC",
      "devDependencies": {
        "@sap/ux-specification": "^1.96.3"
      }
    },
    "node_modules/@sap/ux-specification": {
      "version": "1.96.3",
      "resolved": "http://nginx-redirector.repo-cache.svc.cluster.local/repository/appstudio-npm-group/@sap/ux-specification/-/ux-specification-1.96.3.tgz",
      "integrity": "sha512-b626QamjOZbPMxY/kyxIGyBCQ0V8Y0VKrrcwIrhl45aKQ6l9NHP0heKV/iqDWG0Rg/8PU/VfjGjcigfJpitXPg==",
      "dev": true,
      "engines": {
        "node": ">=12.22.5",
        "yarn": ">=1.22.5"
      }
    }
  }
}
